
Microsoft Visual Studio Solution File, Format Version 12.00
# Visual Studio Version 17
VisualStudioVersion = 17.2.32519.379
MinimumVisualStudioVersion = 10.0.40219.1
Project("{D954291E-2A0B-460D-934E-DC6B0785DB48}") = "MyUnoApp2.Shared", "MyUnoApp2\MyUnoApp2.Shared\MyUnoApp2.Shared.shproj", "{6279C845-92F8-4333-AB99-3D213163593C}"
EndProject
Project("{2150E333-8FDC-42A3-9474-1A3956D46DE8}") = "Platforms", "Platforms", "{B20BED7D-2919-4BE2-B904-8BA9ECCF522F}"
EndProject
Project("{FAE04EC0-301F-11D3-BF4B-00C04F79EFBC}") = "MyUnoApp2.Droid", "MyUnoApp2\MyUnoApp2.Droid\MyUnoApp2.Droid.csproj", "{05892A9B-D75C-4237-88D3-C75C726DC781}"
EndProject
Project("{FAE04EC0-301F-11D3-BF4B-00C04F79EFBC}") = "MyUnoApp2.iOS", "MyUnoApp2\MyUnoApp2.iOS\MyUnoApp2.iOS.csproj", "{957DA56F-AAFA-4751-BF72-307042884FDE}"
EndProject
Project("{FAE04EC0-301F-11D3-BF4B-00C04F79EFBC}") = "MyUnoApp2.UWP", "MyUnoApp2\MyUnoApp2.UWP\MyUnoApp2.UWP.csproj", "{68F648C5-66B5-42C1-A6B7-A22EEAA6234F}"
EndProject
Project("{FAE04EC0-301F-11D3-BF4B-00C04F79EFBC}") = "MyUnoApp2.Wasm", "MyUnoApp2\MyUnoApp2.Wasm\MyUnoApp2.Wasm.csproj", "{0A98CAC1-34B7-49DB-B9AA-886C69DDB97C}"
EndProject
Project("{FAE04EC0-301F-11D3-BF4B-00C04F79EFBC}") = "MyUnoApp2.macOS", "MyUnoApp2\MyUnoApp2.macOS\MyUnoApp2.macOS.csproj", "{1613AE0E-29FE-405D-B7FD-63C3D9337A3C}"
EndProject
Project("{FAE04EC0-301F-11D3-BF4B-00C04F79EFBC}") = "MyUnoApp2.Skia.Wpf.Host", "MyUnoApp2\MyUnoApp2.Skia.Wpf.Host\MyUnoApp2.Skia.Wpf.Host.csproj", "{4A9EA216-10A6-4AA3-88B7-8475446DF222}"
EndProject
Project("{FAE04EC0-301F-11D3-BF4B-00C04F79EFBC}") = "MyUnoApp2.Skia.Wpf", "MyUnoApp2\MyUnoApp2.Skia.Wpf\MyUnoApp2.Skia.Wpf.csproj", "{EA1AAD86-0257-42AA-BE92-83B9F1E55561}"
EndProject
Project("{FAE04EC0-301F-11D3-BF4B-00C04F79EFBC}") = "MyUnoApp2.Skia.Gtk", "MyUnoApp2\MyUnoApp2.Skia.Gtk\MyUnoApp2.Skia.Gtk.csproj", "{E21B458B-9A0D-4C48-BB5F-024EAEE414DC}"
EndProject
Project("{FAE04EC0-301F-11D3-BF4B-00C04F79EFBC}") = "MyUnoApp2.Skia.Tizen", "MyUnoApp2\MyUnoApp2.Skia.Tizen\MyUnoApp2.Skia.Tizen.csproj", "{80EB54BB-2A29-4C72-939B-FD145F58B852}"
EndProject
Global
	GlobalSection(SolutionConfigurationPlatforms) = preSolution
		Ad-Hoc|Any CPU = Ad-Hoc|Any CPU
		Ad-Hoc|ARM = Ad-Hoc|ARM
		Ad-Hoc|ARM64 = Ad-Hoc|ARM64
		Ad-Hoc|iPhone = Ad-Hoc|iPhone
		Ad-Hoc|iPhoneSimulator = Ad-Hoc|iPhoneSimulator
		Ad-Hoc|x64 = Ad-Hoc|x64
		Ad-Hoc|x86 = Ad-Hoc|x86
		AppStore|Any CPU = AppStore|Any CPU
		AppStore|ARM = AppStore|ARM
		AppStore|ARM64 = AppStore|ARM64
		AppStore|iPhone = AppStore|iPhone
		AppStore|iPhoneSimulator = AppStore|iPhoneSimulator
		AppStore|x64 = AppStore|x64
		AppStore|x86 = AppStore|x86
		Debug|Any CPU = Debug|Any CPU
		Debug|ARM = Debug|ARM
		Debug|ARM64 = Debug|ARM64
		Debug|iPhone = Debug|iPhone
		Debug|iPhoneSimulator = Debug|iPhoneSimulator
		Debug|x64 = Debug|x64
		Debug|x86 = Debug|x86
		Release|Any CPU = Release|Any CPU
		Release|ARM = Release|ARM
		Release|ARM64 = Release|ARM64
		Release|iPhone = Release|iPhone
		Release|iPhoneSimulator = Release|iPhoneSimulator
		Release|x64 = Release|x64
		Release|x86 = Release|x86
	EndGlobalSection
	GlobalSection(ProjectConfigurationPlatforms) = postSolution
		{05892A9B-D75C-4237-88D3-C75C726DC781}.Ad-Hoc|Any CPU.ActiveCfg = Debug|Any CPU
		{05892A9B-D75C-4237-88D3-C75C726DC781}.Ad-Hoc|Any CPU.Build.0 = Debug|Any CPU
		{05892A9B-D75C-4237-88D3-C75C726DC781}.Ad-Hoc|Any CPU.Deploy.0 = Debug|Any CPU
		{05892A9B-D75C-4237-88D3-C75C726DC781}.Ad-Hoc|ARM.ActiveCfg = Debug|Any CPU
		{05892A9B-D75C-4237-88D3-C75C726DC781}.Ad-Hoc|ARM.Build.0 = Debug|Any CPU
		{05892A9B-D75C-4237-88D3-C75C726DC781}.Ad-Hoc|ARM.Deploy.0 = Debug|Any CPU
		{05892A9B-D75C-4237-88D3-C75C726DC781}.Ad-Hoc|ARM64.ActiveCfg = Debug|Any CPU
		{05892A9B-D75C-4237-88D3-C75C726DC781}.Ad-Hoc|ARM64.Build.0 = Debug|Any CPU
		{05892A9B-D75C-4237-88D3-C75C726DC781}.Ad-Hoc|ARM64.Deploy.0 = Debug|Any CPU
		{05892A9B-D75C-4237-88D3-C75C726DC781}.Ad-Hoc|iPhone.ActiveCfg = Debug|Any CPU
		{05892A9B-D75C-4237-88D3-C75C726DC781}.Ad-Hoc|iPhone.Build.0 = Debug|Any CPU
		{05892A9B-D75C-4237-88D3-C75C726DC781}.Ad-Hoc|iPhone.Deploy.0 = Debug|Any CPU
		{05892A9B-D75C-4237-88D3-C75C726DC781}.Ad-Hoc|iPhoneSimulator.ActiveCfg = Debug|Any CPU
		{05892A9B-D75C-4237-88D3-C75C726DC781}.Ad-Hoc|iPhoneSimulator.Build.0 = Debug|Any CPU
		{05892A9B-D75C-4237-88D3-C75C726DC781}.Ad-Hoc|iPhoneSimulator.Deploy.0 = Debug|Any CPU
		{05892A9B-D75C-4237-88D3-C75C726DC781}.Ad-Hoc|x64.ActiveCfg = Debug|Any CPU
		{05892A9B-D75C-4237-88D3-C75C726DC781}.Ad-Hoc|x64.Build.0 = Debug|Any CPU
		{05892A9B-D75C-4237-88D3-C75C726DC781}.Ad-Hoc|x64.Deploy.0 = Debug|Any CPU
		{05892A9B-D75C-4237-88D3-C75C726DC781}.Ad-Hoc|x86.ActiveCfg = Debug|Any CPU
		{05892A9B-D75C-4237-88D3-C75C726DC781}.Ad-Hoc|x86.Build.0 = Debug|Any CPU
		{05892A9B-D75C-4237-88D3-C75C726DC781}.Ad-Hoc|x86.Deploy.0 = Debug|Any CPU
		{05892A9B-D75C-4237-88D3-C75C726DC781}.AppStore|Any CPU.ActiveCfg = Debug|Any CPU
		{05892A9B-D75C-4237-88D3-C75C726DC781}.AppStore|Any CPU.Build.0 = Debug|Any CPU
		{05892A9B-D75C-4237-88D3-C75C726DC781}.AppStore|Any CPU.Deploy.0 = Debug|Any CPU
		{05892A9B-D75C-4237-88D3-C75C726DC781}.AppStore|ARM.ActiveCfg = Debug|Any CPU
		{05892A9B-D75C-4237-88D3-C75C726DC781}.AppStore|ARM.Build.0 = Debug|Any CPU
		{05892A9B-D75C-4237-88D3-C75C726DC781}.AppStore|ARM.Deploy.0 = Debug|Any CPU
		{05892A9B-D75C-4237-88D3-C75C726DC781}.AppStore|ARM64.ActiveCfg = Debug|Any CPU
		{05892A9B-D75C-4237-88D3-C75C726DC781}.AppStore|ARM64.Build.0 = Debug|Any CPU
		{05892A9B-D75C-4237-88D3-C75C726DC781}.AppStore|ARM64.Deploy.0 = Debug|Any CPU
		{05892A9B-D75C-4237-88D3-C75C726DC781}.AppStore|iPhone.ActiveCfg = Debug|Any CPU
		{05892A9B-D75C-4237-88D3-C75C726DC781}.AppStore|iPhone.Build.0 = Debug|Any CPU
		{05892A9B-D75C-4237-88D3-C75C726DC781}.AppStore|iPhone.Deploy.0 = Debug|Any CPU
		{05892A9B-D75C-4237-88D3-C75C726DC781}.AppStore|iPhoneSimulator.ActiveCfg = Debug|Any CPU
		{05892A9B-D75C-4237-88D3-C75C726DC781}.AppStore|iPhoneSimulator.Build.0 = Debug|Any CPU
		{05892A9B-D75C-4237-88D3-C75C726DC781}.AppStore|iPhoneSimulator.Deploy.0 = Debug|Any CPU
		{05892A9B-D75C-4237-88D3-C75C726DC781}.AppStore|x64.ActiveCfg = Debug|Any CPU
		{05892A9B-D75C-4237-88D3-C75C726DC781}.AppStore|x64.Build.0 = Debug|Any CPU
		{05892A9B-D75C-4237-88D3-C75C726DC781}.AppStore|x64.Deploy.0 = Debug|Any CPU
		{05892A9B-D75C-4237-88D3-C75C726DC781}.AppStore|x86.ActiveCfg = Debug|Any CPU
		{05892A9B-D75C-4237-88D3-C75C726DC781}.AppStore|x86.Build.0 = Debug|Any CPU
		{05892A9B-D75C-4237-88D3-C75C726DC781}.AppStore|x86.Deploy.0 = Debug|Any CPU
		{05892A9B-D75C-4237-88D3-C75C726DC781}.Debug|Any CPU.ActiveCfg = Debug|Any CPU
		{05892A9B-D75C-4237-88D3-C75C726DC781}.Debug|Any CPU.Build.0 = Debug|Any CPU
		{05892A9B-D75C-4237-88D3-C75C726DC781}.Debug|Any CPU.Deploy.0 = Debug|Any CPU
		{05892A9B-D75C-4237-88D3-C75C726DC781}.Debug|ARM.ActiveCfg = Debug|Any CPU
		{05892A9B-D75C-4237-88D3-C75C726DC781}.Debug|ARM.Build.0 = Debug|Any CPU
		{05892A9B-D75C-4237-88D3-C75C726DC781}.Debug|ARM.Deploy.0 = Debug|Any CPU
		{05892A9B-D75C-4237-88D3-C75C726DC781}.Debug|ARM64.ActiveCfg = Debug|Any CPU
		{05892A9B-D75C-4237-88D3-C75C726DC781}.Debug|ARM64.Build.0 = Debug|Any CPU
		{05892A9B-D75C-4237-88D3-C75C726DC781}.Debug|ARM64.Deploy.0 = Debug|Any CPU
		{05892A9B-D75C-4237-88D3-C75C726DC781}.Debug|iPhone.ActiveCfg = Debug|Any CPU
		{05892A9B-D75C-4237-88D3-C75C726DC781}.Debug|iPhone.Build.0 = Debug|Any CPU
		{05892A9B-D75C-4237-88D3-C75C726DC781}.Debug|iPhone.Deploy.0 = Debug|Any CPU
		{05892A9B-D75C-4237-88D3-C75C726DC781}.Debug|iPhoneSimulator.ActiveCfg = Debug|Any CPU
		{05892A9B-D75C-4237-88D3-C75C726DC781}.Debug|iPhoneSimulator.Build.0 = Debug|Any CPU
		{05892A9B-D75C-4237-88D3-C75C726DC781}.Debug|iPhoneSimulator.Deploy.0 = Debug|Any CPU
		{05892A9B-D75C-4237-88D3-C75C726DC781}.Debug|x64.ActiveCfg = Debug|Any CPU
		{05892A9B-D75C-4237-88D3-C75C726DC781}.Debug|x64.Build.0 = Debug|Any CPU
		{05892A9B-D75C-4237-88D3-C75C726DC781}.Debug|x64.Deploy.0 = Debug|Any CPU
		{05892A9B-D75C-4237-88D3-C75C726DC781}.Debug|x86.ActiveCfg = Debug|Any CPU
		{05892A9B-D75C-4237-88D3-C75C726DC781}.Debug|x86.Build.0 = Debug|Any CPU
		{05892A9B-D75C-4237-88D3-C75C726DC781}.Debug|x86.Deploy.0 = Debug|Any CPU
		{05892A9B-D75C-4237-88D3-C75C726DC781}.Release|Any CPU.ActiveCfg = Release|Any CPU
		{05892A9B-D75C-4237-88D3-C75C726DC781}.Release|Any CPU.Build.0 = Release|Any CPU
		{05892A9B-D75C-4237-88D3-C75C726DC781}.Release|Any CPU.Deploy.0 = Release|Any CPU
		{05892A9B-D75C-4237-88D3-C75C726DC781}.Release|ARM.ActiveCfg = Release|Any CPU
		{05892A9B-D75C-4237-88D3-C75C726DC781}.Release|ARM.Build.0 = Release|Any CPU
		{05892A9B-D75C-4237-88D3-C75C726DC781}.Release|ARM.Deploy.0 = Release|Any CPU
		{05892A9B-D75C-4237-88D3-C75C726DC781}.Release|ARM64.ActiveCfg = Release|Any CPU
		{05892A9B-D75C-4237-88D3-C75C726DC781}.Release|ARM64.Build.0 = Release|Any CPU
		{05892A9B-D75C-4237-88D3-C75C726DC781}.Release|ARM64.Deploy.0 = Release|Any CPU
		{05892A9B-D75C-4237-88D3-C75C726DC781}.Release|iPhone.ActiveCfg = Release|Any CPU
		{05892A9B-D75C-4237-88D3-C75C726DC781}.Release|iPhone.Build.0 = Release|Any CPU
		{05892A9B-D75C-4237-88D3-C75C726DC781}.Release|iPhone.Deploy.0 = Release|Any CPU
		{05892A9B-D75C-4237-88D3-C75C726DC781}.Release|iPhoneSimulator.ActiveCfg = Release|Any CPU
		{05892A9B-D75C-4237-88D3-C75C726DC781}.Release|iPhoneSimulator.Build.0 = Release|Any CPU
		{05892A9B-D75C-4237-88D3-C75C726DC781}.Release|iPhoneSimulator.Deploy.0 = Release|Any CPU
		{05892A9B-D75C-4237-88D3-C75C726DC781}.Release|x64.ActiveCfg = Release|Any CPU
		{05892A9B-D75C-4237-88D3-C75C726DC781}.Release|x64.Build.0 = Release|Any CPU
		{05892A9B-D75C-4237-88D3-C75C726DC781}.Release|x64.Deploy.0 = Release|Any CPU
		{05892A9B-D75C-4237-88D3-C75C726DC781}.Release|x86.ActiveCfg = Release|Any CPU
		{05892A9B-D75C-4237-88D3-C75C726DC781}.Release|x86.Build.0 = Release|Any CPU
		{05892A9B-D75C-4237-88D3-C75C726DC781}.Release|x86.Deploy.0 = Release|Any CPU
		{957DA56F-AAFA-4751-BF72-307042884FDE}.Ad-Hoc|Any CPU.ActiveCfg = Ad-Hoc|iPhoneSimulator
		{957DA56F-AAFA-4751-BF72-307042884FDE}.Ad-Hoc|Any CPU.Build.0 = Ad-Hoc|iPhoneSimulator
		{957DA56F-AAFA-4751-BF72-307042884FDE}.Ad-Hoc|ARM.ActiveCfg = Ad-Hoc|iPhoneSimulator
		{957DA56F-AAFA-4751-BF72-307042884FDE}.Ad-Hoc|ARM.Build.0 = Ad-Hoc|iPhoneSimulator
		{957DA56F-AAFA-4751-BF72-307042884FDE}.Ad-Hoc|ARM64.ActiveCfg = Ad-Hoc|iPhoneSimulator
		{957DA56F-AAFA-4751-BF72-307042884FDE}.Ad-Hoc|ARM64.Build.0 = Ad-Hoc|iPhoneSimulator
		{957DA56F-AAFA-4751-BF72-307042884FDE}.Ad-Hoc|iPhone.ActiveCfg = Ad-Hoc|iPhone
		{957DA56F-AAFA-4751-BF72-307042884FDE}.Ad-Hoc|iPhone.Build.0 = Ad-Hoc|iPhone
		{957DA56F-AAFA-4751-BF72-307042884FDE}.Ad-Hoc|iPhoneSimulator.ActiveCfg = Ad-Hoc|iPhoneSimulator
		{957DA56F-AAFA-4751-BF72-307042884FDE}.Ad-Hoc|iPhoneSimulator.Build.0 = Ad-Hoc|iPhoneSimulator
		{957DA56F-AAFA-4751-BF72-307042884FDE}.Ad-Hoc|x64.ActiveCfg = Ad-Hoc|iPhoneSimulator
		{957DA56F-AAFA-4751-BF72-307042884FDE}.Ad-Hoc|x64.Build.0 = Ad-Hoc|iPhoneSimulator
		{957DA56F-AAFA-4751-BF72-307042884FDE}.Ad-Hoc|x86.ActiveCfg = Ad-Hoc|iPhoneSimulator
		{957DA56F-AAFA-4751-BF72-307042884FDE}.Ad-Hoc|x86.Build.0 = Ad-Hoc|iPhoneSimulator
		{957DA56F-AAFA-4751-BF72-307042884FDE}.AppStore|Any CPU.ActiveCfg = AppStore|iPhoneSimulator
		{957DA56F-AAFA-4751-BF72-307042884FDE}.AppStore|Any CPU.Build.0 = AppStore|iPhoneSimulator
		{957DA56F-AAFA-4751-BF72-307042884FDE}.AppStore|ARM.ActiveCfg = AppStore|iPhoneSimulator
		{957DA56F-AAFA-4751-BF72-307042884FDE}.AppStore|ARM.Build.0 = AppStore|iPhoneSimulator
		{957DA56F-AAFA-4751-BF72-307042884FDE}.AppStore|ARM64.ActiveCfg = AppStore|iPhoneSimulator
		{957DA56F-AAFA-4751-BF72-307042884FDE}.AppStore|ARM64.Build.0 = AppStore|iPhoneSimulator
		{957DA56F-AAFA-4751-BF72-307042884FDE}.AppStore|iPhone.ActiveCfg = AppStore|iPhone
		{957DA56F-AAFA-4751-BF72-307042884FDE}.AppStore|iPhone.Build.0 = AppStore|iPhone
		{957DA56F-AAFA-4751-BF72-307042884FDE}.AppStore|iPhoneSimulator.ActiveCfg = AppStore|iPhoneSimulator
		{957DA56F-AAFA-4751-BF72-307042884FDE}.AppStore|iPhoneSimulator.Build.0 = AppStore|iPhoneSimulator
		{957DA56F-AAFA-4751-BF72-307042884FDE}.AppStore|x64.ActiveCfg = AppStore|iPhoneSimulator
		{957DA56F-AAFA-4751-BF72-307042884FDE}.AppStore|x64.Build.0 = AppStore|iPhoneSimulator
		{957DA56F-AAFA-4751-BF72-307042884FDE}.AppStore|x86.ActiveCfg = AppStore|iPhoneSimulator
		{957DA56F-AAFA-4751-BF72-307042884FDE}.AppStore|x86.Build.0 = AppStore|iPhoneSimulator
		{957DA56F-AAFA-4751-BF72-307042884FDE}.Debug|Any CPU.ActiveCfg = Debug|iPhoneSimulator
		{957DA56F-AAFA-4751-BF72-307042884FDE}.Debug|Any CPU.Build.0 = Debug|iPhoneSimulator
		{957DA56F-AAFA-4751-BF72-307042884FDE}.Debug|ARM.ActiveCfg = Debug|iPhoneSimulator
		{957DA56F-AAFA-4751-BF72-307042884FDE}.Debug|ARM.Build.0 = Debug|iPhoneSimulator
		{957DA56F-AAFA-4751-BF72-307042884FDE}.Debug|ARM64.ActiveCfg = Debug|iPhoneSimulator
		{957DA56F-AAFA-4751-BF72-307042884FDE}.Debug|ARM64.Build.0 = Debug|iPhoneSimulator
		{957DA56F-AAFA-4751-BF72-307042884FDE}.Debug|iPhone.ActiveCfg = Debug|iPhone
		{957DA56F-AAFA-4751-BF72-307042884FDE}.Debug|iPhone.Build.0 = Debug|iPhone
		{957DA56F-AAFA-4751-BF72-307042884FDE}.Debug|iPhoneSimulator.ActiveCfg = Debug|iPhoneSimulator
		{957DA56F-AAFA-4751-BF72-307042884FDE}.Debug|iPhoneSimulator.Build.0 = Debug|iPhoneSimulator
		{957DA56F-AAFA-4751-BF72-307042884FDE}.Debug|x64.ActiveCfg = Debug|iPhoneSimulator
		{957DA56F-AAFA-4751-BF72-307042884FDE}.Debug|x64.Build.0 = Debug|iPhoneSimulator
		{957DA56F-AAFA-4751-BF72-307042884FDE}.Debug|x86.ActiveCfg = Debug|iPhoneSimulator
		{957DA56F-AAFA-4751-BF72-307042884FDE}.Debug|x86.Build.0 = Debug|iPhoneSimulator
		{957DA56F-AAFA-4751-BF72-307042884FDE}.Release|Any CPU.ActiveCfg = Release|iPhoneSimulator
		{957DA56F-AAFA-4751-BF72-307042884FDE}.Release|Any CPU.Build.0 = Release|iPhoneSimulator
		{957DA56F-AAFA-4751-BF72-307042884FDE}.Release|ARM.ActiveCfg = Release|iPhoneSimulator
		{957DA56F-AAFA-4751-BF72-307042884FDE}.Release|ARM.Build.0 = Release|iPhoneSimulator
		{957DA56F-AAFA-4751-BF72-307042884FDE}.Release|ARM64.ActiveCfg = Release|iPhoneSimulator
		{957DA56F-AAFA-4751-BF72-307042884FDE}.Release|ARM64.Build.0 = Release|iPhoneSimulator
		{957DA56F-AAFA-4751-BF72-307042884FDE}.Release|iPhone.ActiveCfg = Release|iPhone
		{957DA56F-AAFA-4751-BF72-307042884FDE}.Release|iPhone.Build.0 = Release|iPhone
		{957DA56F-AAFA-4751-BF72-307042884FDE}.Release|iPhoneSimulator.ActiveCfg = Release|iPhoneSimulator
		{957DA56F-AAFA-4751-BF72-307042884FDE}.Release|iPhoneSimulator.Build.0 = Release|iPhoneSimulator
		{957DA56F-AAFA-4751-BF72-307042884FDE}.Release|x64.ActiveCfg = Release|iPhoneSimulator
		{957DA56F-AAFA-4751-BF72-307042884FDE}.Release|x64.Build.0 = Release|iPhoneSimulator
		{957DA56F-AAFA-4751-BF72-307042884FDE}.Release|x86.ActiveCfg = Release|iPhoneSimulator
		{957DA56F-AAFA-4751-BF72-307042884FDE}.Release|x86.Build.0 = Release|iPhoneSimulator
		{68F648C5-66B5-42C1-A6B7-A22EEAA6234F}.Ad-Hoc|Any CPU.ActiveCfg = Debug|x64
		{68F648C5-66B5-42C1-A6B7-A22EEAA6234F}.Ad-Hoc|Any CPU.Build.0 = Debug|x64
		{68F648C5-66B5-42C1-A6B7-A22EEAA6234F}.Ad-Hoc|Any CPU.Deploy.0 = Debug|x64
		{68F648C5-66B5-42C1-A6B7-A22EEAA6234F}.Ad-Hoc|ARM.ActiveCfg = Debug|ARM
		{68F648C5-66B5-42C1-A6B7-A22EEAA6234F}.Ad-Hoc|ARM.Build.0 = Debug|ARM
		{68F648C5-66B5-42C1-A6B7-A22EEAA6234F}.Ad-Hoc|ARM.Deploy.0 = Debug|ARM
		{68F648C5-66B5-42C1-A6B7-A22EEAA6234F}.Ad-Hoc|ARM64.ActiveCfg = Debug|ARM64
		{68F648C5-66B5-42C1-A6B7-A22EEAA6234F}.Ad-Hoc|ARM64.Build.0 = Debug|ARM64
		{68F648C5-66B5-42C1-A6B7-A22EEAA6234F}.Ad-Hoc|ARM64.Deploy.0 = Debug|ARM64
		{68F648C5-66B5-42C1-A6B7-A22EEAA6234F}.Ad-Hoc|iPhone.ActiveCfg = Debug|x64
		{68F648C5-66B5-42C1-A6B7-A22EEAA6234F}.Ad-Hoc|iPhone.Build.0 = Debug|x64
		{68F648C5-66B5-42C1-A6B7-A22EEAA6234F}.Ad-Hoc|iPhone.Deploy.0 = Debug|x64
		{68F648C5-66B5-42C1-A6B7-A22EEAA6234F}.Ad-Hoc|iPhoneSimulator.ActiveCfg = Debug|x64
		{68F648C5-66B5-42C1-A6B7-A22EEAA6234F}.Ad-Hoc|iPhoneSimulator.Build.0 = Debug|x64
		{68F648C5-66B5-42C1-A6B7-A22EEAA6234F}.Ad-Hoc|iPhoneSimulator.Deploy.0 = Debug|x64
		{68F648C5-66B5-42C1-A6B7-A22EEAA6234F}.Ad-Hoc|x64.ActiveCfg = Debug|x64
		{68F648C5-66B5-42C1-A6B7-A22EEAA6234F}.Ad-Hoc|x64.Build.0 = Debug|x64
		{68F648C5-66B5-42C1-A6B7-A22EEAA6234F}.Ad-Hoc|x64.Deploy.0 = Debug|x64
		{68F648C5-66B5-42C1-A6B7-A22EEAA6234F}.Ad-Hoc|x86.ActiveCfg = Debug|x86
		{68F648C5-66B5-42C1-A6B7-A22EEAA6234F}.Ad-Hoc|x86.Build.0 = Debug|x86
		{68F648C5-66B5-42C1-A6B7-A22EEAA6234F}.Ad-Hoc|x86.Deploy.0 = Debug|x86
		{68F648C5-66B5-42C1-A6B7-A22EEAA6234F}.AppStore|Any CPU.ActiveCfg = Debug|x64
		{68F648C5-66B5-42C1-A6B7-A22EEAA6234F}.AppStore|Any CPU.Build.0 = Debug|x64
		{68F648C5-66B5-42C1-A6B7-A22EEAA6234F}.AppStore|Any CPU.Deploy.0 = Debug|x64
		{68F648C5-66B5-42C1-A6B7-A22EEAA6234F}.AppStore|ARM.ActiveCfg = Debug|ARM
		{68F648C5-66B5-42C1-A6B7-A22EEAA6234F}.AppStore|ARM.Build.0 = Debug|ARM
		{68F648C5-66B5-42C1-A6B7-A22EEAA6234F}.AppStore|ARM.Deploy.0 = Debug|ARM
		{68F648C5-66B5-42C1-A6B7-A22EEAA6234F}.AppStore|ARM64.ActiveCfg = Debug|ARM64
		{68F648C5-66B5-42C1-A6B7-A22EEAA6234F}.AppStore|ARM64.Build.0 = Debug|ARM64
		{68F648C5-66B5-42C1-A6B7-A22EEAA6234F}.AppStore|ARM64.Deploy.0 = Debug|ARM64
		{68F648C5-66B5-42C1-A6B7-A22EEAA6234F}.AppStore|iPhone.ActiveCfg = Debug|x64
		{68F648C5-66B5-42C1-A6B7-A22EEAA6234F}.AppStore|iPhone.Build.0 = Debug|x64
		{68F648C5-66B5-42C1-A6B7-A22EEAA6234F}.AppStore|iPhone.Deploy.0 = Debug|x64
		{68F648C5-66B5-42C1-A6B7-A22EEAA6234F}.AppStore|iPhoneSimulator.ActiveCfg = Debug|x64
		{68F648C5-66B5-42C1-A6B7-A22EEAA6234F}.AppStore|iPhoneSimulator.Build.0 = Debug|x64
		{68F648C5-66B5-42C1-A6B7-A22EEAA6234F}.AppStore|iPhoneSimulator.Deploy.0 = Debug|x64
		{68F648C5-66B5-42C1-A6B7-A22EEAA6234F}.AppStore|x64.ActiveCfg = Debug|x64
		{68F648C5-66B5-42C1-A6B7-A22EEAA6234F}.AppStore|x64.Build.0 = Debug|x64
		{68F648C5-66B5-42C1-A6B7-A22EEAA6234F}.AppStore|x64.Deploy.0 = Debug|x64
		{68F648C5-66B5-42C1-A6B7-A22EEAA6234F}.AppStore|x86.ActiveCfg = Debug|x86
		{68F648C5-66B5-42C1-A6B7-A22EEAA6234F}.AppStore|x86.Build.0 = Debug|x86
		{68F648C5-66B5-42C1-A6B7-A22EEAA6234F}.AppStore|x86.Deploy.0 = Debug|x86
		{68F648C5-66B5-42C1-A6B7-A22EEAA6234F}.Debug|Any CPU.ActiveCfg = Debug|x64
		{68F648C5-66B5-42C1-A6B7-A22EEAA6234F}.Debug|Any CPU.Build.0 = Debug|x64
		{68F648C5-66B5-42C1-A6B7-A22EEAA6234F}.Debug|Any CPU.Deploy.0 = Debug|x64
		{68F648C5-66B5-42C1-A6B7-A22EEAA6234F}.Debug|ARM.ActiveCfg = Debug|ARM
		{68F648C5-66B5-42C1-A6B7-A22EEAA6234F}.Debug|ARM.Build.0 = Debug|ARM
		{68F648C5-66B5-42C1-A6B7-A22EEAA6234F}.Debug|ARM.Deploy.0 = Debug|ARM
		{68F648C5-66B5-42C1-A6B7-A22EEAA6234F}.Debug|ARM64.ActiveCfg = Debug|ARM64
		{68F648C5-66B5-42C1-A6B7-A22EEAA6234F}.Debug|ARM64.Build.0 = Debug|ARM64
		{68F648C5-66B5-42C1-A6B7-A22EEAA6234F}.Debug|ARM64.Deploy.0 = Debug|ARM64
		{68F648C5-66B5-42C1-A6B7-A22EEAA6234F}.Debug|iPhone.ActiveCfg = Debug|x64
		{68F648C5-66B5-42C1-A6B7-A22EEAA6234F}.Debug|iPhone.Build.0 = Debug|x64
		{68F648C5-66B5-42C1-A6B7-A22EEAA6234F}.Debug|iPhone.Deploy.0 = Debug|x64
		{68F648C5-66B5-42C1-A6B7-A22EEAA6234F}.Debug|iPhoneSimulator.ActiveCfg = Debug|x64
		{68F648C5-66B5-42C1-A6B7-A22EEAA6234F}.Debug|iPhoneSimulator.Build.0 = Debug|x64
		{68F648C5-66B5-42C1-A6B7-A22EEAA6234F}.Debug|iPhoneSimulator.Deploy.0 = Debug|x64
		{68F648C5-66B5-42C1-A6B7-A22EEAA6234F}.Debug|x64.ActiveCfg = Debug|x64
		{68F648C5-66B5-42C1-A6B7-A22EEAA6234F}.Debug|x64.Build.0 = Debug|x64
		{68F648C5-66B5-42C1-A6B7-A22EEAA6234F}.Debug|x64.Deploy.0 = Debug|x64
		{68F648C5-66B5-42C1-A6B7-A22EEAA6234F}.Debug|x86.ActiveCfg = Debug|x86
		{68F648C5-66B5-42C1-A6B7-A22EEAA6234F}.Debug|x86.Build.0 = Debug|x86
		{68F648C5-66B5-42C1-A6B7-A22EEAA6234F}.Debug|x86.Deploy.0 = Debug|x86
		{68F648C5-66B5-42C1-A6B7-A22EEAA6234F}.Release|Any CPU.ActiveCfg = Release|x64
		{68F648C5-66B5-42C1-A6B7-A22EEAA6234F}.Release|Any CPU.Build.0 = Release|x64
		{68F648C5-66B5-42C1-A6B7-A22EEAA6234F}.Release|Any CPU.Deploy.0 = Release|x64
		{68F648C5-66B5-42C1-A6B7-A22EEAA6234F}.Release|ARM.ActiveCfg = Release|ARM
		{68F648C5-66B5-42C1-A6B7-A22EEAA6234F}.Release|ARM.Build.0 = Release|ARM
		{68F648C5-66B5-42C1-A6B7-A22EEAA6234F}.Release|ARM.Deploy.0 = Release|ARM
		{68F648C5-66B5-42C1-A6B7-A22EEAA6234F}.Release|ARM64.ActiveCfg = Release|ARM64
		{68F648C5-66B5-42C1-A6B7-A22EEAA6234F}.Release|ARM64.Build.0 = Release|ARM64
		{68F648C5-66B5-42C1-A6B7-A22EEAA6234F}.Release|ARM64.Deploy.0 = Release|ARM64
		{68F648C5-66B5-42C1-A6B7-A22EEAA6234F}.Release|iPhone.ActiveCfg = Release|x64
		{68F648C5-66B5-42C1-A6B7-A22EEAA6234F}.Release|iPhone.Build.0 = Release|x64
		{68F648C5-66B5-42C1-A6B7-A22EEAA6234F}.Release|iPhone.Deploy.0 = Release|x64
		{68F648C5-66B5-42C1-A6B7-A22EEAA6234F}.Release|iPhoneSimulator.ActiveCfg = Release|x64
		{68F648C5-66B5-42C1-A6B7-A22EEAA6234F}.Release|iPhoneSimulator.Build.0 = Release|x64
		{68F648C5-66B5-42C1-A6B7-A22EEAA6234F}.Release|iPhoneSimulator.Deploy.0 = Release|x64
		{68F648C5-66B5-42C1-A6B7-A22EEAA6234F}.Release|x64.ActiveCfg = Release|x64
		{68F648C5-66B5-42C1-A6B7-A22EEAA6234F}.Release|x64.Build.0 = Release|x64
		{68F648C5-66B5-42C1-A6B7-A22EEAA6234F}.Release|x64.Deploy.0 = Release|x64
		{68F648C5-66B5-42C1-A6B7-A22EEAA6234F}.Release|x86.ActiveCfg = Release|x86
		{68F648C5-66B5-42C1-A6B7-A22EEAA6234F}.Release|x86.Build.0 = Release|x86
		{68F648C5-66B5-42C1-A6B7-A22EEAA6234F}.Release|x86.Deploy.0 = Release|x86
		{0A98CAC1-34B7-49DB-B9AA-886C69DDB97C}.Ad-Hoc|Any CPU.ActiveCfg = Debug|Any CPU
		{0A98CAC1-34B7-49DB-B9AA-886C69DDB97C}.Ad-Hoc|Any CPU.Build.0 = Debug|Any CPU
		{0A98CAC1-34B7-49DB-B9AA-886C69DDB97C}.Ad-Hoc|ARM.ActiveCfg = Debug|Any CPU
		{0A98CAC1-34B7-49DB-B9AA-886C69DDB97C}.Ad-Hoc|ARM.Build.0 = Debug|Any CPU
		{0A98CAC1-34B7-49DB-B9AA-886C69DDB97C}.Ad-Hoc|ARM64.ActiveCfg = Debug|Any CPU
		{0A98CAC1-34B7-49DB-B9AA-886C69DDB97C}.Ad-Hoc|ARM64.Build.0 = Debug|Any CPU
		{0A98CAC1-34B7-49DB-B9AA-886C69DDB97C}.Ad-Hoc|iPhone.ActiveCfg = Debug|Any CPU
		{0A98CAC1-34B7-49DB-B9AA-886C69DDB97C}.Ad-Hoc|iPhone.Build.0 = Debug|Any CPU
		{0A98CAC1-34B7-49DB-B9AA-886C69DDB97C}.Ad-Hoc|iPhoneSimulator.ActiveCfg = Debug|Any CPU
		{0A98CAC1-34B7-49DB-B9AA-886C69DDB97C}.Ad-Hoc|iPhoneSimulator.Build.0 = Debug|Any CPU
		{0A98CAC1-34B7-49DB-B9AA-886C69DDB97C}.Ad-Hoc|x64.ActiveCfg = Debug|Any CPU
		{0A98CAC1-34B7-49DB-B9AA-886C69DDB97C}.Ad-Hoc|x64.Build.0 = Debug|Any CPU
		{0A98CAC1-34B7-49DB-B9AA-886C69DDB97C}.Ad-Hoc|x86.ActiveCfg = Debug|Any CPU
		{0A98CAC1-34B7-49DB-B9AA-886C69DDB97C}.Ad-Hoc|x86.Build.0 = Debug|Any CPU
		{0A98CAC1-34B7-49DB-B9AA-886C69DDB97C}.AppStore|Any CPU.ActiveCfg = Debug|Any CPU
		{0A98CAC1-34B7-49DB-B9AA-886C69DDB97C}.AppStore|Any CPU.Build.0 = Debug|Any CPU
		{0A98CAC1-34B7-49DB-B9AA-886C69DDB97C}.AppStore|ARM.ActiveCfg = Debug|Any CPU
		{0A98CAC1-34B7-49DB-B9AA-886C69DDB97C}.AppStore|ARM.Build.0 = Debug|Any CPU
		{0A98CAC1-34B7-49DB-B9AA-886C69DDB97C}.AppStore|ARM64.ActiveCfg = Debug|Any CPU
		{0A98CAC1-34B7-49DB-B9AA-886C69DDB97C}.AppStore|ARM64.Build.0 = Debug|Any CPU
		{0A98CAC1-34B7-49DB-B9AA-886C69DDB97C}.AppStore|iPhone.ActiveCfg = Debug|Any CPU
		{0A98CAC1-34B7-49DB-B9AA-886C69DDB97C}.AppStore|iPhone.Build.0 = Debug|Any CPU
		{0A98CAC1-34B7-49DB-B9AA-886C69DDB97C}.AppStore|iPhoneSimulator.ActiveCfg = Debug|Any CPU
		{0A98CAC1-34B7-49DB-B9AA-886C69DDB97C}.AppStore|iPhoneSimulator.Build.0 = Debug|Any CPU
		{0A98CAC1-34B7-49DB-B9AA-886C69DDB97C}.AppStore|x64.ActiveCfg = Debug|Any CPU
		{0A98CAC1-34B7-49DB-B9AA-886C69DDB97C}.AppStore|x64.Build.0 = Debug|Any CPU
		{0A98CAC1-34B7-49DB-B9AA-886C69DDB97C}.AppStore|x86.ActiveCfg = Debug|Any CPU
		{0A98CAC1-34B7-49DB-B9AA-886C69DDB97C}.AppStore|x86.Build.0 = Debug|Any CPU
		{0A98CAC1-34B7-49DB-B9AA-886C69DDB97C}.Debug|Any CPU.ActiveCfg = Debug|Any CPU
		{0A98CAC1-34B7-49DB-B9AA-886C69DDB97C}.Debug|Any CPU.Build.0 = Debug|Any CPU
		{0A98CAC1-34B7-49DB-B9AA-886C69DDB97C}.Debug|ARM.ActiveCfg = Debug|Any CPU
		{0A98CAC1-34B7-49DB-B9AA-886C69DDB97C}.Debug|ARM.Build.0 = Debug|Any CPU
		{0A98CAC1-34B7-49DB-B9AA-886C69DDB97C}.Debug|ARM64.ActiveCfg = Debug|Any CPU
		{0A98CAC1-34B7-49DB-B9AA-886C69DDB97C}.Debug|ARM64.Build.0 = Debug|Any CPU
		{0A98CAC1-34B7-49DB-B9AA-886C69DDB97C}.Debug|iPhone.ActiveCfg = Debug|Any CPU
		{0A98CAC1-34B7-49DB-B9AA-886C69DDB97C}.Debug|iPhone.Build.0 = Debug|Any CPU
		{0A98CAC1-34B7-49DB-B9AA-886C69DDB97C}.Debug|iPhoneSimulator.ActiveCfg = Debug|Any CPU
		{0A98CAC1-34B7-49DB-B9AA-886C69DDB97C}.Debug|iPhoneSimulator.Build.0 = Debug|Any CPU
		{0A98CAC1-34B7-49DB-B9AA-886C69DDB97C}.Debug|x64.ActiveCfg = Debug|Any CPU
		{0A98CAC1-34B7-49DB-B9AA-886C69DDB97C}.Debug|x64.Build.0 = Debug|Any CPU
		{0A98CAC1-34B7-49DB-B9AA-886C69DDB97C}.Debug|x86.ActiveCfg = Debug|Any CPU
		{0A98CAC1-34B7-49DB-B9AA-886C69DDB97C}.Debug|x86.Build.0 = Debug|Any CPU
		{0A98CAC1-34B7-49DB-B9AA-886C69DDB97C}.Release|Any CPU.ActiveCfg = Release|Any CPU
		{0A98CAC1-34B7-49DB-B9AA-886C69DDB97C}.Release|Any CPU.Build.0 = Release|Any CPU
		{0A98CAC1-34B7-49DB-B9AA-886C69DDB97C}.Release|ARM.ActiveCfg = Release|Any CPU
		{0A98CAC1-34B7-49DB-B9AA-886C69DDB97C}.Release|ARM.Build.0 = Release|Any CPU
		{0A98CAC1-34B7-49DB-B9AA-886C69DDB97C}.Release|ARM64.ActiveCfg = Release|Any CPU
		{0A98CAC1-34B7-49DB-B9AA-886C69DDB97C}.Release|ARM64.Build.0 = Release|Any CPU
		{0A98CAC1-34B7-49DB-B9AA-886C69DDB97C}.Release|iPhone.ActiveCfg = Release|Any CPU
		{0A98CAC1-34B7-49DB-B9AA-886C69DDB97C}.Release|iPhone.Build.0 = Release|Any CPU
		{0A98CAC1-34B7-49DB-B9AA-886C69DDB97C}.Release|iPhoneSimulator.ActiveCfg = Release|Any CPU
		{0A98CAC1-34B7-49DB-B9AA-886C69DDB97C}.Release|iPhoneSimulator.Build.0 = Release|Any CPU
		{0A98CAC1-34B7-49DB-B9AA-886C69DDB97C}.Release|x64.ActiveCfg = Release|Any CPU
		{0A98CAC1-34B7-49DB-B9AA-886C69DDB97C}.Release|x64.Build.0 = Release|Any CPU
		{0A98CAC1-34B7-49DB-B9AA-886C69DDB97C}.Release|x86.ActiveCfg = Release|Any CPU
		{0A98CAC1-34B7-49DB-B9AA-886C69DDB97C}.Release|x86.Build.0 = Release|Any CPU
		{1613AE0E-29FE-405D-B7FD-63C3D9337A3C}.Ad-Hoc|Any CPU.ActiveCfg = Debug|iPhoneSimulator
		{1613AE0E-29FE-405D-B7FD-63C3D9337A3C}.Ad-Hoc|Any CPU.Build.0 = Debug|iPhoneSimulator
		{1613AE0E-29FE-405D-B7FD-63C3D9337A3C}.Ad-Hoc|ARM.ActiveCfg = Debug|iPhoneSimulator
		{1613AE0E-29FE-405D-B7FD-63C3D9337A3C}.Ad-Hoc|ARM.Build.0 = Debug|iPhoneSimulator
		{1613AE0E-29FE-405D-B7FD-63C3D9337A3C}.Ad-Hoc|ARM64.ActiveCfg = Debug|iPhoneSimulator
		{1613AE0E-29FE-405D-B7FD-63C3D9337A3C}.Ad-Hoc|ARM64.Build.0 = Debug|iPhoneSimulator
		{1613AE0E-29FE-405D-B7FD-63C3D9337A3C}.Ad-Hoc|iPhone.ActiveCfg = Debug|iPhoneSimulator
		{1613AE0E-29FE-405D-B7FD-63C3D9337A3C}.Ad-Hoc|iPhone.Build.0 = Debug|iPhoneSimulator
		{1613AE0E-29FE-405D-B7FD-63C3D9337A3C}.Ad-Hoc|iPhoneSimulator.ActiveCfg = Debug|iPhoneSimulator
		{1613AE0E-29FE-405D-B7FD-63C3D9337A3C}.Ad-Hoc|iPhoneSimulator.Build.0 = Debug|iPhoneSimulator
		{1613AE0E-29FE-405D-B7FD-63C3D9337A3C}.Ad-Hoc|x64.ActiveCfg = Debug|iPhoneSimulator
		{1613AE0E-29FE-405D-B7FD-63C3D9337A3C}.Ad-Hoc|x64.Build.0 = Debug|iPhoneSimulator
		{1613AE0E-29FE-405D-B7FD-63C3D9337A3C}.Ad-Hoc|x86.ActiveCfg = Debug|iPhoneSimulator
		{1613AE0E-29FE-405D-B7FD-63C3D9337A3C}.Ad-Hoc|x86.Build.0 = Debug|iPhoneSimulator
		{1613AE0E-29FE-405D-B7FD-63C3D9337A3C}.AppStore|Any CPU.ActiveCfg = Debug|iPhoneSimulator
		{1613AE0E-29FE-405D-B7FD-63C3D9337A3C}.AppStore|Any CPU.Build.0 = Debug|iPhoneSimulator
		{1613AE0E-29FE-405D-B7FD-63C3D9337A3C}.AppStore|ARM.ActiveCfg = Debug|iPhoneSimulator
		{1613AE0E-29FE-405D-B7FD-63C3D9337A3C}.AppStore|ARM.Build.0 = Debug|iPhoneSimulator
		{1613AE0E-29FE-405D-B7FD-63C3D9337A3C}.AppStore|ARM64.ActiveCfg = Debug|iPhoneSimulator
		{1613AE0E-29FE-405D-B7FD-63C3D9337A3C}.AppStore|ARM64.Build.0 = Debug|iPhoneSimulator
		{1613AE0E-29FE-405D-B7FD-63C3D9337A3C}.AppStore|iPhone.ActiveCfg = Debug|iPhoneSimulator
		{1613AE0E-29FE-405D-B7FD-63C3D9337A3C}.AppStore|iPhone.Build.0 = Debug|iPhoneSimulator
		{1613AE0E-29FE-405D-B7FD-63C3D9337A3C}.AppStore|iPhoneSimulator.ActiveCfg = Debug|iPhoneSimulator
		{1613AE0E-29FE-405D-B7FD-63C3D9337A3C}.AppStore|iPhoneSimulator.Build.0 = Debug|iPhoneSimulator
		{1613AE0E-29FE-405D-B7FD-63C3D9337A3C}.AppStore|x64.ActiveCfg = Debug|iPhoneSimulator
		{1613AE0E-29FE-405D-B7FD-63C3D9337A3C}.AppStore|x64.Build.0 = Debug|iPhoneSimulator
		{1613AE0E-29FE-405D-B7FD-63C3D9337A3C}.AppStore|x86.ActiveCfg = Debug|iPhoneSimulator
		{1613AE0E-29FE-405D-B7FD-63C3D9337A3C}.AppStore|x86.Build.0 = Debug|iPhoneSimulator
		{1613AE0E-29FE-405D-B7FD-63C3D9337A3C}.Debug|Any CPU.ActiveCfg = Debug|iPhoneSimulator
		{1613AE0E-29FE-405D-B7FD-63C3D9337A3C}.Debug|Any CPU.Build.0 = Debug|iPhoneSimulator
		{1613AE0E-29FE-405D-B7FD-63C3D9337A3C}.Debug|ARM.ActiveCfg = Debug|iPhoneSimulator
		{1613AE0E-29FE-405D-B7FD-63C3D9337A3C}.Debug|ARM.Build.0 = Debug|iPhoneSimulator
		{1613AE0E-29FE-405D-B7FD-63C3D9337A3C}.Debug|ARM64.ActiveCfg = Debug|iPhoneSimulator
		{1613AE0E-29FE-405D-B7FD-63C3D9337A3C}.Debug|ARM64.Build.0 = Debug|iPhoneSimulator
		{1613AE0E-29FE-405D-B7FD-63C3D9337A3C}.Debug|iPhone.ActiveCfg = Debug|iPhoneSimulator
		{1613AE0E-29FE-405D-B7FD-63C3D9337A3C}.Debug|iPhone.Build.0 = Debug|iPhoneSimulator
		{1613AE0E-29FE-405D-B7FD-63C3D9337A3C}.Debug|iPhoneSimulator.ActiveCfg = Debug|iPhoneSimulator
		{1613AE0E-29FE-405D-B7FD-63C3D9337A3C}.Debug|iPhoneSimulator.Build.0 = Debug|iPhoneSimulator
		{1613AE0E-29FE-405D-B7FD-63C3D9337A3C}.Debug|x64.ActiveCfg = Debug|iPhoneSimulator
		{1613AE0E-29FE-405D-B7FD-63C3D9337A3C}.Debug|x64.Build.0 = Debug|iPhoneSimulator
		{1613AE0E-29FE-405D-B7FD-63C3D9337A3C}.Debug|x86.ActiveCfg = Debug|iPhoneSimulator
		{1613AE0E-29FE-405D-B7FD-63C3D9337A3C}.Debug|x86.Build.0 = Debug|iPhoneSimulator
		{1613AE0E-29FE-405D-B7FD-63C3D9337A3C}.Release|Any CPU.ActiveCfg = Release|iPhoneSimulator
		{1613AE0E-29FE-405D-B7FD-63C3D9337A3C}.Release|Any CPU.Build.0 = Release|iPhoneSimulator
		{1613AE0E-29FE-405D-B7FD-63C3D9337A3C}.Release|ARM.ActiveCfg = Release|iPhoneSimulator
		{1613AE0E-29FE-405D-B7FD-63C3D9337A3C}.Release|ARM.Build.0 = Release|iPhoneSimulator
		{1613AE0E-29FE-405D-B7FD-63C3D9337A3C}.Release|ARM64.ActiveCfg = Release|iPhoneSimulator
		{1613AE0E-29FE-405D-B7FD-63C3D9337A3C}.Release|ARM64.Build.0 = Release|iPhoneSimulator
		{1613AE0E-29FE-405D-B7FD-63C3D9337A3C}.Release|iPhone.ActiveCfg = Release|iPhoneSimulator
		{1613AE0E-29FE-405D-B7FD-63C3D9337A3C}.Release|iPhone.Build.0 = Release|iPhoneSimulator
		{1613AE0E-29FE-405D-B7FD-63C3D9337A3C}.Release|iPhoneSimulator.ActiveCfg = Release|iPhoneSimulator
		{1613AE0E-29FE-405D-B7FD-63C3D9337A3C}.Release|iPhoneSimulator.Build.0 = Release|iPhoneSimulator
		{1613AE0E-29FE-405D-B7FD-63C3D9337A3C}.Release|x64.ActiveCfg = Release|iPhoneSimulator
		{1613AE0E-29FE-405D-B7FD-63C3D9337A3C}.Release|x64.Build.0 = Release|iPhoneSimulator
		{1613AE0E-29FE-405D-B7FD-63C3D9337A3C}.Release|x86.ActiveCfg = Release|iPhoneSimulator
		{1613AE0E-29FE-405D-B7FD-63C3D9337A3C}.Release|x86.Build.0 = Release|iPhoneSimulator
		{4A9EA216-10A6-4AA3-88B7-8475446DF222}.Ad-Hoc|Any CPU.ActiveCfg = Debug|Any CPU
		{4A9EA216-10A6-4AA3-88B7-8475446DF222}.Ad-Hoc|Any CPU.Build.0 = Debug|Any CPU
		{4A9EA216-10A6-4AA3-88B7-8475446DF222}.Ad-Hoc|ARM.ActiveCfg = Debug|Any CPU
		{4A9EA216-10A6-4AA3-88B7-8475446DF222}.Ad-Hoc|ARM.Build.0 = Debug|Any CPU
		{4A9EA216-10A6-4AA3-88B7-8475446DF222}.Ad-Hoc|ARM64.ActiveCfg = Debug|Any CPU
		{4A9EA216-10A6-4AA3-88B7-8475446DF222}.Ad-Hoc|ARM64.Build.0 = Debug|Any CPU
		{4A9EA216-10A6-4AA3-88B7-8475446DF222}.Ad-Hoc|iPhone.ActiveCfg = Debug|Any CPU
		{4A9EA216-10A6-4AA3-88B7-8475446DF222}.Ad-Hoc|iPhone.Build.0 = Debug|Any CPU
		{4A9EA216-10A6-4AA3-88B7-8475446DF222}.Ad-Hoc|iPhoneSimulator.ActiveCfg = Debug|Any CPU
		{4A9EA216-10A6-4AA3-88B7-8475446DF222}.Ad-Hoc|iPhoneSimulator.Build.0 = Debug|Any CPU
		{4A9EA216-10A6-4AA3-88B7-8475446DF222}.Ad-Hoc|x64.ActiveCfg = Debug|Any CPU
		{4A9EA216-10A6-4AA3-88B7-8475446DF222}.Ad-Hoc|x64.Build.0 = Debug|Any CPU
		{4A9EA216-10A6-4AA3-88B7-8475446DF222}.Ad-Hoc|x86.ActiveCfg = Debug|Any CPU
		{4A9EA216-10A6-4AA3-88B7-8475446DF222}.Ad-Hoc|x86.Build.0 = Debug|Any CPU
		{4A9EA216-10A6-4AA3-88B7-8475446DF222}.AppStore|Any CPU.ActiveCfg = Debug|Any CPU
		{4A9EA216-10A6-4AA3-88B7-8475446DF222}.AppStore|Any CPU.Build.0 = Debug|Any CPU
		{4A9EA216-10A6-4AA3-88B7-8475446DF222}.AppStore|ARM.ActiveCfg = Debug|Any CPU
		{4A9EA216-10A6-4AA3-88B7-8475446DF222}.AppStore|ARM.Build.0 = Debug|Any CPU
		{4A9EA216-10A6-4AA3-88B7-8475446DF222}.AppStore|ARM64.ActiveCfg = Debug|Any CPU
		{4A9EA216-10A6-4AA3-88B7-8475446DF222}.AppStore|ARM64.Build.0 = Debug|Any CPU
		{4A9EA216-10A6-4AA3-88B7-8475446DF222}.AppStore|iPhone.ActiveCfg = Debug|Any CPU
		{4A9EA216-10A6-4AA3-88B7-8475446DF222}.AppStore|iPhone.Build.0 = Debug|Any CPU
		{4A9EA216-10A6-4AA3-88B7-8475446DF222}.AppStore|iPhoneSimulator.ActiveCfg = Debug|Any CPU
		{4A9EA216-10A6-4AA3-88B7-8475446DF222}.AppStore|iPhoneSimulator.Build.0 = Debug|Any CPU
		{4A9EA216-10A6-4AA3-88B7-8475446DF222}.AppStore|x64.ActiveCfg = Debug|Any CPU
		{4A9EA216-10A6-4AA3-88B7-8475446DF222}.AppStore|x64.Build.0 = Debug|Any CPU
		{4A9EA216-10A6-4AA3-88B7-8475446DF222}.AppStore|x86.ActiveCfg = Debug|Any CPU
		{4A9EA216-10A6-4AA3-88B7-8475446DF222}.AppStore|x86.Build.0 = Debug|Any CPU
		{4A9EA216-10A6-4AA3-88B7-8475446DF222}.Debug|Any CPU.ActiveCfg = Debug|Any CPU
		{4A9EA216-10A6-4AA3-88B7-8475446DF222}.Debug|Any CPU.Build.0 = Debug|Any CPU
		{4A9EA216-10A6-4AA3-88B7-8475446DF222}.Debug|ARM.ActiveCfg = Debug|Any CPU
		{4A9EA216-10A6-4AA3-88B7-8475446DF222}.Debug|ARM.Build.0 = Debug|Any CPU
		{4A9EA216-10A6-4AA3-88B7-8475446DF222}.Debug|ARM64.ActiveCfg = Debug|Any CPU
		{4A9EA216-10A6-4AA3-88B7-8475446DF222}.Debug|ARM64.Build.0 = Debug|Any CPU
		{4A9EA216-10A6-4AA3-88B7-8475446DF222}.Debug|iPhone.ActiveCfg = Debug|Any CPU
		{4A9EA216-10A6-4AA3-88B7-8475446DF222}.Debug|iPhone.Build.0 = Debug|Any CPU
		{4A9EA216-10A6-4AA3-88B7-8475446DF222}.Debug|iPhoneSimulator.ActiveCfg = Debug|Any CPU
		{4A9EA216-10A6-4AA3-88B7-8475446DF222}.Debug|iPhoneSimulator.Build.0 = Debug|Any CPU
		{4A9EA216-10A6-4AA3-88B7-8475446DF222}.Debug|x64.ActiveCfg = Debug|Any CPU
		{4A9EA216-10A6-4AA3-88B7-8475446DF222}.Debug|x64.Build.0 = Debug|Any CPU
		{4A9EA216-10A6-4AA3-88B7-8475446DF222}.Debug|x86.ActiveCfg = Debug|Any CPU
		{4A9EA216-10A6-4AA3-88B7-8475446DF222}.Debug|x86.Build.0 = Debug|Any CPU
		{4A9EA216-10A6-4AA3-88B7-8475446DF222}.Release|Any CPU.ActiveCfg = Release|Any CPU
		{4A9EA216-10A6-4AA3-88B7-8475446DF222}.Release|Any CPU.Build.0 = Release|Any CPU
		{4A9EA216-10A6-4AA3-88B7-8475446DF222}.Release|ARM.ActiveCfg = Release|Any CPU
		{4A9EA216-10A6-4AA3-88B7-8475446DF222}.Release|ARM.Build.0 = Release|Any CPU
		{4A9EA216-10A6-4AA3-88B7-8475446DF222}.Release|ARM64.ActiveCfg = Release|Any CPU
		{4A9EA216-10A6-4AA3-88B7-8475446DF222}.Release|ARM64.Build.0 = Release|Any CPU
		{4A9EA216-10A6-4AA3-88B7-8475446DF222}.Release|iPhone.ActiveCfg = Release|Any CPU
		{4A9EA216-10A6-4AA3-88B7-8475446DF222}.Release|iPhone.Build.0 = Release|Any CPU
		{4A9EA216-10A6-4AA3-88B7-8475446DF222}.Release|iPhoneSimulator.ActiveCfg = Release|Any CPU
		{4A9EA216-10A6-4AA3-88B7-8475446DF222}.Release|iPhoneSimulator.Build.0 = Release|Any CPU
		{4A9EA216-10A6-4AA3-88B7-8475446DF222}.Release|x64.ActiveCfg = Release|Any CPU
		{4A9EA216-10A6-4AA3-88B7-8475446DF222}.Release|x64.Build.0 = Release|Any CPU
		{4A9EA216-10A6-4AA3-88B7-8475446DF222}.Release|x86.ActiveCfg = Release|Any CPU
		{4A9EA216-10A6-4AA3-88B7-8475446DF222}.Release|x86.Build.0 = Release|Any CPU
		{EA1AAD86-0257-42AA-BE92-83B9F1E55561}.Ad-Hoc|Any CPU.ActiveCfg = Debug|Any CPU
		{EA1AAD86-0257-42AA-BE92-83B9F1E55561}.Ad-Hoc|Any CPU.Build.0 = Debug|Any CPU
		{EA1AAD86-0257-42AA-BE92-83B9F1E55561}.Ad-Hoc|ARM.ActiveCfg = Debug|Any CPU
		{EA1AAD86-0257-42AA-BE92-83B9F1E55561}.Ad-Hoc|ARM.Build.0 = Debug|Any CPU
		{EA1AAD86-0257-42AA-BE92-83B9F1E55561}.Ad-Hoc|ARM64.ActiveCfg = Debug|Any CPU
		{EA1AAD86-0257-42AA-BE92-83B9F1E55561}.Ad-Hoc|ARM64.Build.0 = Debug|Any CPU
		{EA1AAD86-0257-42AA-BE92-83B9F1E55561}.Ad-Hoc|iPhone.ActiveCfg = Debug|Any CPU
		{EA1AAD86-0257-42AA-BE92-83B9F1E55561}.Ad-Hoc|iPhone.Build.0 = Debug|Any CPU
		{EA1AAD86-0257-42AA-BE92-83B9F1E55561}.Ad-Hoc|iPhoneSimulator.ActiveCfg = Debug|Any CPU
		{EA1AAD86-0257-42AA-BE92-83B9F1E55561}.Ad-Hoc|iPhoneSimulator.Build.0 = Debug|Any CPU
		{EA1AAD86-0257-42AA-BE92-83B9F1E55561}.Ad-Hoc|x64.ActiveCfg = Debug|Any CPU
		{EA1AAD86-0257-42AA-BE92-83B9F1E55561}.Ad-Hoc|x64.Build.0 = Debug|Any CPU
		{EA1AAD86-0257-42AA-BE92-83B9F1E55561}.Ad-Hoc|x86.ActiveCfg = Debug|Any CPU
		{EA1AAD86-0257-42AA-BE92-83B9F1E55561}.Ad-Hoc|x86.Build.0 = Debug|Any CPU
		{EA1AAD86-0257-42AA-BE92-83B9F1E55561}.AppStore|Any CPU.ActiveCfg = Debug|Any CPU
		{EA1AAD86-0257-42AA-BE92-83B9F1E55561}.AppStore|Any CPU.Build.0 = Debug|Any CPU
		{EA1AAD86-0257-42AA-BE92-83B9F1E55561}.AppStore|ARM.ActiveCfg = Debug|Any CPU
		{EA1AAD86-0257-42AA-BE92-83B9F1E55561}.AppStore|ARM.Build.0 = Debug|Any CPU
		{EA1AAD86-0257-42AA-BE92-83B9F1E55561}.AppStore|ARM64.ActiveCfg = Debug|Any CPU
		{EA1AAD86-0257-42AA-BE92-83B9F1E55561}.AppStore|ARM64.Build.0 = Debug|Any CPU
		{EA1AAD86-0257-42AA-BE92-83B9F1E55561}.AppStore|iPhone.ActiveCfg = Debug|Any CPU
		{EA1AAD86-0257-42AA-BE92-83B9F1E55561}.AppStore|iPhone.Build.0 = Debug|Any CPU
		{EA1AAD86-0257-42AA-BE92-83B9F1E55561}.AppStore|iPhoneSimulator.ActiveCfg = Debug|Any CPU
		{EA1AAD86-0257-42AA-BE92-83B9F1E55561}.AppStore|iPhoneSimulator.Build.0 = Debug|Any CPU
		{EA1AAD86-0257-42AA-BE92-83B9F1E55561}.AppStore|x64.ActiveCfg = Debug|Any CPU
		{EA1AAD86-0257-42AA-BE92-83B9F1E55561}.AppStore|x64.Build.0 = Debug|Any CPU
		{EA1AAD86-0257-42AA-BE92-83B9F1E55561}.AppStore|x86.ActiveCfg = Debug|Any CPU
		{EA1AAD86-0257-42AA-BE92-83B9F1E55561}.AppStore|x86.Build.0 = Debug|Any CPU
		{EA1AAD86-0257-42AA-BE92-83B9F1E55561}.Debug|Any CPU.ActiveCfg = Debug|Any CPU
		{EA1AAD86-0257-42AA-BE92-83B9F1E55561}.Debug|Any CPU.Build.0 = Debug|Any CPU
		{EA1AAD86-0257-42AA-BE92-83B9F1E55561}.Debug|ARM.ActiveCfg = Debug|Any CPU
		{EA1AAD86-0257-42AA-BE92-83B9F1E55561}.Debug|ARM.Build.0 = Debug|Any CPU
		{EA1AAD86-0257-42AA-BE92-83B9F1E55561}.Debug|ARM64.ActiveCfg = Debug|Any CPU
		{EA1AAD86-0257-42AA-BE92-83B9F1E55561}.Debug|ARM64.Build.0 = Debug|Any CPU
		{EA1AAD86-0257-42AA-BE92-83B9F1E55561}.Debug|iPhone.ActiveCfg = Debug|Any CPU
		{EA1AAD86-0257-42AA-BE92-83B9F1E55561}.Debug|iPhone.Build.0 = Debug|Any CPU
		{EA1AAD86-0257-42AA-BE92-83B9F1E55561}.Debug|iPhoneSimulator.ActiveCfg = Debug|Any CPU
		{EA1AAD86-0257-42AA-BE92-83B9F1E55561}.Debug|iPhoneSimulator.Build.0 = Debug|Any CPU
		{EA1AAD86-0257-42AA-BE92-83B9F1E55561}.Debug|x64.ActiveCfg = Debug|Any CPU
		{EA1AAD86-0257-42AA-BE92-83B9F1E55561}.Debug|x64.Build.0 = Debug|Any CPU
		{EA1AAD86-0257-42AA-BE92-83B9F1E55561}.Debug|x86.ActiveCfg = Debug|Any CPU
		{EA1AAD86-0257-42AA-BE92-83B9F1E55561}.Debug|x86.Build.0 = Debug|Any CPU
		{EA1AAD86-0257-42AA-BE92-83B9F1E55561}.Release|Any CPU.ActiveCfg = Release|Any CPU
		{EA1AAD86-0257-42AA-BE92-83B9F1E55561}.Release|Any CPU.Build.0 = Release|Any CPU
		{EA1AAD86-0257-42AA-BE92-83B9F1E55561}.Release|ARM.ActiveCfg = Release|Any CPU
		{EA1AAD86-0257-42AA-BE92-83B9F1E55561}.Release|ARM.Build.0 = Release|Any CPU
		{EA1AAD86-0257-42AA-BE92-83B9F1E55561}.Release|ARM64.ActiveCfg = Release|Any CPU
		{EA1AAD86-0257-42AA-BE92-83B9F1E55561}.Release|ARM64.Build.0 = Release|Any CPU
		{EA1AAD86-0257-42AA-BE92-83B9F1E55561}.Release|iPhone.ActiveCfg = Release|Any CPU
		{EA1AAD86-0257-42AA-BE92-83B9F1E55561}.Release|iPhone.Build.0 = Release|Any CPU
		{EA1AAD86-0257-42AA-BE92-83B9F1E55561}.Release|iPhoneSimulator.ActiveCfg = Release|Any CPU
		{EA1AAD86-0257-42AA-BE92-83B9F1E55561}.Release|iPhoneSimulator.Build.0 = Release|Any CPU
		{EA1AAD86-0257-42AA-BE92-83B9F1E55561}.Release|x64.ActiveCfg = Release|Any CPU
		{EA1AAD86-0257-42AA-BE92-83B9F1E55561}.Release|x64.Build.0 = Release|Any CPU
		{EA1AAD86-0257-42AA-BE92-83B9F1E55561}.Release|x86.ActiveCfg = Release|Any CPU
		{EA1AAD86-0257-42AA-BE92-83B9F1E55561}.Release|x86.Build.0 = Release|Any CPU
		{E21B458B-9A0D-4C48-BB5F-024EAEE414DC}.Ad-Hoc|Any CPU.ActiveCfg = Debug|Any CPU
		{E21B458B-9A0D-4C48-BB5F-024EAEE414DC}.Ad-Hoc|Any CPU.Build.0 = Debug|Any CPU
		{E21B458B-9A0D-4C48-BB5F-024EAEE414DC}.Ad-Hoc|ARM.ActiveCfg = Debug|Any CPU
		{E21B458B-9A0D-4C48-BB5F-024EAEE414DC}.Ad-Hoc|ARM.Build.0 = Debug|Any CPU
		{E21B458B-9A0D-4C48-BB5F-024EAEE414DC}.Ad-Hoc|ARM64.ActiveCfg = Debug|Any CPU
		{E21B458B-9A0D-4C48-BB5F-024EAEE414DC}.Ad-Hoc|ARM64.Build.0 = Debug|Any CPU
		{E21B458B-9A0D-4C48-BB5F-024EAEE414DC}.Ad-Hoc|iPhone.ActiveCfg = Debug|Any CPU
		{E21B458B-9A0D-4C48-BB5F-024EAEE414DC}.Ad-Hoc|iPhone.Build.0 = Debug|Any CPU
		{E21B458B-9A0D-4C48-BB5F-024EAEE414DC}.Ad-Hoc|iPhoneSimulator.ActiveCfg = Debug|Any CPU
		{E21B458B-9A0D-4C48-BB5F-024EAEE414DC}.Ad-Hoc|iPhoneSimulator.Build.0 = Debug|Any CPU
		{E21B458B-9A0D-4C48-BB5F-024EAEE414DC}.Ad-Hoc|x64.ActiveCfg = Debug|Any CPU
		{E21B458B-9A0D-4C48-BB5F-024EAEE414DC}.Ad-Hoc|x64.Build.0 = Debug|Any CPU
		{E21B458B-9A0D-4C48-BB5F-024EAEE414DC}.Ad-Hoc|x86.ActiveCfg = Debug|Any CPU
		{E21B458B-9A0D-4C48-BB5F-024EAEE414DC}.Ad-Hoc|x86.Build.0 = Debug|Any CPU
		{E21B458B-9A0D-4C48-BB5F-024EAEE414DC}.AppStore|Any CPU.ActiveCfg = Debug|Any CPU
		{E21B458B-9A0D-4C48-BB5F-024EAEE414DC}.AppStore|Any CPU.Build.0 = Debug|Any CPU
		{E21B458B-9A0D-4C48-BB5F-024EAEE414DC}.AppStore|ARM.ActiveCfg = Debug|Any CPU
		{E21B458B-9A0D-4C48-BB5F-024EAEE414DC}.AppStore|ARM.Build.0 = Debug|Any CPU
		{E21B458B-9A0D-4C48-BB5F-024EAEE414DC}.AppStore|ARM64.ActiveCfg = Debug|Any CPU
		{E21B458B-9A0D-4C48-BB5F-024EAEE414DC}.AppStore|ARM64.Build.0 = Debug|Any CPU
		{E21B458B-9A0D-4C48-BB5F-024EAEE414DC}.AppStore|iPhone.ActiveCfg = Debug|Any CPU
		{E21B458B-9A0D-4C48-BB5F-024EAEE414DC}.AppStore|iPhone.Build.0 = Debug|Any CPU
		{E21B458B-9A0D-4C48-BB5F-024EAEE414DC}.AppStore|iPhoneSimulator.ActiveCfg = Debug|Any CPU
		{E21B458B-9A0D-4C48-BB5F-024EAEE414DC}.AppStore|iPhoneSimulator.Build.0 = Debug|Any CPU
		{E21B458B-9A0D-4C48-BB5F-024EAEE414DC}.AppStore|x64.ActiveCfg = Debug|Any CPU
		{E21B458B-9A0D-4C48-BB5F-024EAEE414DC}.AppStore|x64.Build.0 = Debug|Any CPU
		{E21B458B-9A0D-4C48-BB5F-024EAEE414DC}.AppStore|x86.ActiveCfg = Debug|Any CPU
		{E21B458B-9A0D-4C48-BB5F-024EAEE414DC}.AppStore|x86.Build.0 = Debug|Any CPU
		{E21B458B-9A0D-4C48-BB5F-024EAEE414DC}.Debug|Any CPU.ActiveCfg = Debug|Any CPU
		{E21B458B-9A0D-4C48-BB5F-024EAEE414DC}.Debug|Any CPU.Build.0 = Debug|Any CPU
		{E21B458B-9A0D-4C48-BB5F-024EAEE414DC}.Debug|ARM.ActiveCfg = Debug|Any CPU
		{E21B458B-9A0D-4C48-BB5F-024EAEE414DC}.Debug|ARM.Build.0 = Debug|Any CPU
		{E21B458B-9A0D-4C48-BB5F-024EAEE414DC}.Debug|ARM64.ActiveCfg = Debug|Any CPU
		{E21B458B-9A0D-4C48-BB5F-024EAEE414DC}.Debug|ARM64.Build.0 = Debug|Any CPU
		{E21B458B-9A0D-4C48-BB5F-024EAEE414DC}.Debug|iPhone.ActiveCfg = Debug|Any CPU
		{E21B458B-9A0D-4C48-BB5F-024EAEE414DC}.Debug|iPhone.Build.0 = Debug|Any CPU
		{E21B458B-9A0D-4C48-BB5F-024EAEE414DC}.Debug|iPhoneSimulator.ActiveCfg = Debug|Any CPU
		{E21B458B-9A0D-4C48-BB5F-024EAEE414DC}.Debug|iPhoneSimulator.Build.0 = Debug|Any CPU
		{E21B458B-9A0D-4C48-BB5F-024EAEE414DC}.Debug|x64.ActiveCfg = Debug|Any CPU
		{E21B458B-9A0D-4C48-BB5F-024EAEE414DC}.Debug|x64.Build.0 = Debug|Any CPU
		{E21B458B-9A0D-4C48-BB5F-024EAEE414DC}.Debug|x86.ActiveCfg = Debug|Any CPU
		{E21B458B-9A0D-4C48-BB5F-024EAEE414DC}.Debug|x86.Build.0 = Debug|Any CPU
		{E21B458B-9A0D-4C48-BB5F-024EAEE414DC}.Release|Any CPU.ActiveCfg = Release|Any CPU
		{E21B458B-9A0D-4C48-BB5F-024EAEE414DC}.Release|Any CPU.Build.0 = Release|Any CPU
		{E21B458B-9A0D-4C48-BB5F-024EAEE414DC}.Release|ARM.ActiveCfg = Release|Any CPU
		{E21B458B-9A0D-4C48-BB5F-024EAEE414DC}.Release|ARM.Build.0 = Release|Any CPU
		{E21B458B-9A0D-4C48-BB5F-024EAEE414DC}.Release|ARM64.ActiveCfg = Release|Any CPU
		{E21B458B-9A0D-4C48-BB5F-024EAEE414DC}.Release|ARM64.Build.0 = Release|Any CPU
		{E21B458B-9A0D-4C48-BB5F-024EAEE414DC}.Release|iPhone.ActiveCfg = Release|Any CPU
		{E21B458B-9A0D-4C48-BB5F-024EAEE414DC}.Release|iPhone.Build.0 = Release|Any CPU
		{E21B458B-9A0D-4C48-BB5F-024EAEE414DC}.Release|iPhoneSimulator.ActiveCfg = Release|Any CPU
		{E21B458B-9A0D-4C48-BB5F-024EAEE414DC}.Release|iPhoneSimulator.Build.0 = Release|Any CPU
		{E21B458B-9A0D-4C48-BB5F-024EAEE414DC}.Release|x64.ActiveCfg = Release|Any CPU
		{E21B458B-9A0D-4C48-BB5F-024EAEE414DC}.Release|x64.Build.0 = Release|Any CPU
		{E21B458B-9A0D-4C48-BB5F-024EAEE414DC}.Release|x86.ActiveCfg = Release|Any CPU
		{E21B458B-9A0D-4C48-BB5F-024EAEE414DC}.Release|x86.Build.0 = Release|Any CPU
		{80EB54BB-2A29-4C72-939B-FD145F58B852}.Ad-Hoc|Any CPU.ActiveCfg = Debug|Any CPU
		{80EB54BB-2A29-4C72-939B-FD145F58B852}.Ad-Hoc|Any CPU.Build.0 = Debug|Any CPU
		{80EB54BB-2A29-4C72-939B-FD145F58B852}.Ad-Hoc|ARM.ActiveCfg = Debug|Any CPU
		{80EB54BB-2A29-4C72-939B-FD145F58B852}.Ad-Hoc|ARM.Build.0 = Debug|Any CPU
		{80EB54BB-2A29-4C72-939B-FD145F58B852}.Ad-Hoc|ARM64.ActiveCfg = Debug|Any CPU
		{80EB54BB-2A29-4C72-939B-FD145F58B852}.Ad-Hoc|ARM64.Build.0 = Debug|Any CPU
		{80EB54BB-2A29-4C72-939B-FD145F58B852}.Ad-Hoc|iPhone.ActiveCfg = Debug|Any CPU
		{80EB54BB-2A29-4C72-939B-FD145F58B852}.Ad-Hoc|iPhone.Build.0 = Debug|Any CPU
		{80EB54BB-2A29-4C72-939B-FD145F58B852}.Ad-Hoc|iPhoneSimulator.ActiveCfg = Debug|Any CPU
		{80EB54BB-2A29-4C72-939B-FD145F58B852}.Ad-Hoc|iPhoneSimulator.Build.0 = Debug|Any CPU
		{80EB54BB-2A29-4C72-939B-FD145F58B852}.Ad-Hoc|x64.ActiveCfg = Debug|Any CPU
		{80EB54BB-2A29-4C72-939B-FD145F58B852}.Ad-Hoc|x64.Build.0 = Debug|Any CPU
		{80EB54BB-2A29-4C72-939B-FD145F58B852}.Ad-Hoc|x86.ActiveCfg = Debug|Any CPU
		{80EB54BB-2A29-4C72-939B-FD145F58B852}.Ad-Hoc|x86.Build.0 = Debug|Any CPU
		{80EB54BB-2A29-4C72-939B-FD145F58B852}.AppStore|Any CPU.ActiveCfg = Debug|Any CPU
		{80EB54BB-2A29-4C72-939B-FD145F58B852}.AppStore|Any CPU.Build.0 = Debug|Any CPU
		{80EB54BB-2A29-4C72-939B-FD145F58B852}.AppStore|ARM.ActiveCfg = Debug|Any CPU
		{80EB54BB-2A29-4C72-939B-FD145F58B852}.AppStore|ARM.Build.0 = Debug|Any CPU
		{80EB54BB-2A29-4C72-939B-FD145F58B852}.AppStore|ARM64.ActiveCfg = Debug|Any CPU
		{80EB54BB-2A29-4C72-939B-FD145F58B852}.AppStore|ARM64.Build.0 = Debug|Any CPU
		{80EB54BB-2A29-4C72-939B-FD145F58B852}.AppStore|iPhone.ActiveCfg = Debug|Any CPU
		{80EB54BB-2A29-4C72-939B-FD145F58B852}.AppStore|iPhone.Build.0 = Debug|Any CPU
		{80EB54BB-2A29-4C72-939B-FD145F58B852}.AppStore|iPhoneSimulator.ActiveCfg = Debug|Any CPU
		{80EB54BB-2A29-4C72-939B-FD145F58B852}.AppStore|iPhoneSimulator.Build.0 = Debug|Any CPU
		{80EB54BB-2A29-4C72-939B-FD145F58B852}.AppStore|x64.ActiveCfg = Debug|Any CPU
		{80EB54BB-2A29-4C72-939B-FD145F58B852}.AppStore|x64.Build.0 = Debug|Any CPU
		{80EB54BB-2A29-4C72-939B-FD145F58B852}.AppStore|x86.ActiveCfg = Debug|Any CPU
		{80EB54BB-2A29-4C72-939B-FD145F58B852}.AppStore|x86.Build.0 = Debug|Any CPU
		{80EB54BB-2A29-4C72-939B-FD145F58B852}.Debug|Any CPU.ActiveCfg = Debug|Any CPU
		{80EB54BB-2A29-4C72-939B-FD145F58B852}.Debug|Any CPU.Build.0 = Debug|Any CPU
		{80EB54BB-2A29-4C72-939B-FD145F58B852}.Debug|ARM.ActiveCfg = Debug|Any CPU
		{80EB54BB-2A29-4C72-939B-FD145F58B852}.Debug|ARM.Build.0 = Debug|Any CPU
		{80EB54BB-2A29-4C72-939B-FD145F58B852}.Debug|ARM64.ActiveCfg = Debug|Any CPU
		{80EB54BB-2A29-4C72-939B-FD145F58B852}.Debug|ARM64.Build.0 = Debug|Any CPU
		{80EB54BB-2A29-4C72-939B-FD145F58B852}.Debug|iPhone.ActiveCfg = Debug|Any CPU
		{80EB54BB-2A29-4C72-939B-FD145F58B852}.Debug|iPhone.Build.0 = Debug|Any CPU
		{80EB54BB-2A29-4C72-939B-FD145F58B852}.Debug|iPhoneSimulator.ActiveCfg = Debug|Any CPU
		{80EB54BB-2A29-4C72-939B-FD145F58B852}.Debug|iPhoneSimulator.Build.0 = Debug|Any CPU
		{80EB54BB-2A29-4C72-939B-FD145F58B852}.Debug|x64.ActiveCfg = Debug|Any CPU
		{80EB54BB-2A29-4C72-939B-FD145F58B852}.Debug|x64.Build.0 = Debug|Any CPU
		{80EB54BB-2A29-4C72-939B-FD145F58B852}.Debug|x86.ActiveCfg = Debug|Any CPU
		{80EB54BB-2A29-4C72-939B-FD145F58B852}.Debug|x86.Build.0 = Debug|Any CPU
		{80EB54BB-2A29-4C72-939B-FD145F58B852}.Release|Any CPU.ActiveCfg = Release|Any CPU
		{80EB54BB-2A29-4C72-939B-FD145F58B852}.Release|Any CPU.Build.0 = Release|Any CPU
		{80EB54BB-2A29-4C72-939B-FD145F58B852}.Release|ARM.ActiveCfg = Release|Any CPU
		{80EB54BB-2A29-4C72-939B-FD145F58B852}.Release|ARM.Build.0 = Release|Any CPU
		{80EB54BB-2A29-4C72-939B-FD145F58B852}.Release|ARM64.ActiveCfg = Release|Any CPU
		{80EB54BB-2A29-4C72-939B-FD145F58B852}.Release|ARM64.Build.0 = Release|Any CPU
		{80EB54BB-2A29-4C72-939B-FD145F58B852}.Release|iPhone.ActiveCfg = Release|Any CPU
		{80EB54BB-2A29-4C72-939B-FD145F58B852}.Release|iPhone.Build.0 = Release|Any CPU
		{80EB54BB-2A29-4C72-939B-FD145F58B852}.Release|iPhoneSimulator.ActiveCfg = Release|Any CPU
		{80EB54BB-2A29-4C72-939B-FD145F58B852}.Release|iPhoneSimulator.Build.0 = Release|Any CPU
		{80EB54BB-2A29-4C72-939B-FD145F58B852}.Release|x64.ActiveCfg = Release|Any CPU
		{80EB54BB-2A29-4C72-939B-FD145F58B852}.Release|x64.Build.0 = Release|Any CPU
		{80EB54BB-2A29-4C72-939B-FD145F58B852}.Release|x86.ActiveCfg = Release|Any CPU
		{80EB54BB-2A29-4C72-939B-FD145F58B852}.Release|x86.Build.0 = Release|Any CPU
	EndGlobalSection
	GlobalSection(SolutionProperties) = preSolution
		HideSolutionNode = FALSE
	EndGlobalSection
	GlobalSection(NestedProjects) = preSolution
		{05892A9B-D75C-4237-88D3-C75C726DC781} = {B20BED7D-2919-4BE2-B904-8BA9ECCF522F}
		{957DA56F-AAFA-4751-BF72-307042884FDE} = {B20BED7D-2919-4BE2-B904-8BA9ECCF522F}
		{68F648C5-66B5-42C1-A6B7-A22EEAA6234F} = {B20BED7D-2919-4BE2-B904-8BA9ECCF522F}
		{0A98CAC1-34B7-49DB-B9AA-886C69DDB97C} = {B20BED7D-2919-4BE2-B904-8BA9ECCF522F}
		{1613AE0E-29FE-405D-B7FD-63C3D9337A3C} = {B20BED7D-2919-4BE2-B904-8BA9ECCF522F}
		{4A9EA216-10A6-4AA3-88B7-8475446DF222} = {B20BED7D-2919-4BE2-B904-8BA9ECCF522F}
		{EA1AAD86-0257-42AA-BE92-83B9F1E55561} = {B20BED7D-2919-4BE2-B904-8BA9ECCF522F}
		{E21B458B-9A0D-4C48-BB5F-024EAEE414DC} = {B20BED7D-2919-4BE2-B904-8BA9ECCF522F}
		{80EB54BB-2A29-4C72-939B-FD145F58B852} = {B20BED7D-2919-4BE2-B904-8BA9ECCF522F}
	EndGlobalSection
	GlobalSection(ExtensibilityGlobals) = postSolution
		SolutionGuid = {02881EE5-9B40-4504-8E7A-945FBD57D4AB}
	EndGlobalSection
	GlobalSection(SharedMSBuildProjectFiles) = preSolution
		MyUnoApp2\MyUnoApp2.Shared\MyUnoApp2.Shared.projitems*{05892a9b-d75c-4237-88d3-c75c726dc781}*SharedItemsImports = 4
		MyUnoApp2\MyUnoApp2.Shared\MyUnoApp2.Shared.projitems*{0a98cac1-34b7-49db-b9aa-886c69ddb97c}*SharedItemsImports = 5
		MyUnoApp2\MyUnoApp2.Shared\MyUnoApp2.Shared.projitems*{1613ae0e-29fe-405d-b7fd-63c3d9337a3c}*SharedItemsImports = 4
		MyUnoApp2\MyUnoApp2.Shared\MyUnoApp2.Shared.projitems*{6279c845-92f8-4333-ab99-3d213163593c}*SharedItemsImports = 13
		MyUnoApp2\MyUnoApp2.Shared\MyUnoApp2.Shared.projitems*{68f648c5-66b5-42c1-a6b7-a22eeaa6234f}*SharedItemsImports = 4
		MyUnoApp2\MyUnoApp2.Shared\MyUnoApp2.Shared.projitems*{80eb54bb-2a29-4c72-939b-fd145f58b852}*SharedItemsImports = 5
		MyUnoApp2\MyUnoApp2.Shared\MyUnoApp2.Shared.projitems*{957da56f-aafa-4751-bf72-307042884fde}*SharedItemsImports = 4
		MyUnoApp2\MyUnoApp2.Shared\MyUnoApp2.Shared.projitems*{e21b458b-9a0d-4c48-bb5f-024eaee414dc}*SharedItemsImports = 5
		MyUnoApp2\MyUnoApp2.Shared\MyUnoApp2.Shared.projitems*{ea1aad86-0257-42aa-be92-83b9f1e55561}*SharedItemsImports = 5
	EndGlobalSection
EndGlobal
